
Microsoft Visual Studio Solution File, Format Version 12.00
# Blend for Visual Studio 15
VisualStudioVersion = 15.0.27703.1
MinimumVisualStudioVersion = 10.0.40219.1
Project("{FAE04EC0-301F-11D3-BF4B-00C04F79EFBC}") = "WPF_MVVM_SAMPLE01", "WpfApp1\WPF_MVVM_SAMPLE01.csproj", "{7246C1C1-A41A-41F7-A2D7-4896967B3224}"
EndProject
Global
	GlobalSection(SolutionConfigurationPlatforms) = preSolution
		Debug|Any CPU = Debug|Any CPU
		Release|Any CPU = Release|Any CPU
	EndGlobalSection
	GlobalSection(ProjectConfigurationPlatforms) = postSolution
		{7246C1C1-A41A-41F7-A2D7-4896967B3224}.Debug|Any CPU.ActiveCfg = Debug|Any CPU
		{7246C1C1-A41A-41F7-A2D7-4896967B3224}.Debug|Any CPU.Build.0 = Debug|Any CPU
		{7246C1C1-A41A-41F7-A2D7-4896967B3224}.Release|Any CPU.ActiveCfg = Release|Any CPU
		{7246C1C1-A41A-41F7-A2D7-4896967B3224}.Release|Any CPU.Build.0 = Release|Any CPU
	EndGlobalSection
	GlobalSection(SolutionProperties) = preSolution
		HideSolutionNode = FALSE
	EndGlobalSection
	GlobalSection(ExtensibilityGlobals) = postSolution
		SolutionGuid = {DD1F74E6-8D3F-400B-8926-BAAFF04A124D}
	EndGlobalSection
EndGlobal
